{
  "nodes": {
    "home-manager": {
      "inputs": {
        "nixpkgs": "nixpkgs"
      },
      "locked": {
        "lastModified": 1605635123,
        "narHash": "sha256-8bROJh1fshk+TaFcIfU9enDcN6/1+uiOKgBgk6rSJMk=",
        "owner": "nix-community",
        "repo": "home-manager",
        "rev": "7b6ebf2785cfc9dd6fc2b101cbbb2152eb68d45c",
        "type": "github"
      },
      "original": {
        "owner": "nix-community",
        "repo": "home-manager",
        "type": "github"
      }
    },
    "nixpkgs": {
      "locked": {
        "lastModified": 1605800211,
        "narHash": "sha256-7l9EiHBxCXfL8Lu/gKeiYHi6aUeDE56SDXFhuqBqn7k=",
        "owner": "NixOS",
        "repo": "nixpkgs",
        "rev": "4718ba1ab10d109e2383854c5c56c2c2340c00c1",
        "type": "github"
      },
      "original": {
        "id": "nixpkgs",
        "type": "indirect"
      }
    },
    "nixpkgs-stable": {
      "locked": {
        "lastModified": 1605696712,
        "narHash": "sha256-yoQh4kwRWqjxrhzq/wicYUyBDff51Wy1+k8zT8vbg90=",
        "owner": "nixos",
        "repo": "nixpkgs",
        "rev": "80666202999a39585bd73adb2286c134d07499f1",
        "type": "github"
      },
      "original": {
        "owner": "nixos",
        "ref": "nixos-20.09",
        "repo": "nixpkgs",
        "type": "github"
      }
    },
    "nixpkgs-unstable": {
      "locked": {
        "lastModified": 1605225031,
        "narHash": "sha256-W+7blIrccTCTyQCCE4aGn1cFrGIuTinN96GxZrJiojs=",
        "owner": "nixos",
        "repo": "nixpkgs",
        "rev": "2deeb58f49480f468adca6b08291322de4dbce6b",
        "type": "github"
      },
      "original": {
        "owner": "nixos",
        "ref": "nixos-unstable",
        "repo": "nixpkgs",
        "type": "github"
      }
    },
    "root": {
      "inputs": {
        "home-manager": "home-manager",
        "nixpkgs-stable": "nixpkgs-stable",
        "nixpkgs-unstable": "nixpkgs-unstable"
      }
    }
  },
  "root": "root",
  "version": 7
}
